
Microsoft Visual Studio Solution File, Format Version 10.00
# Visual Studio 2008
Project("{FAE04EC0-301F-11D3-BF4B-00C04F79EFBC}") = "Photoland.Acceptance", "Photoland.Acceptance\Photoland.Acceptance.csproj", "{BC99599D-5313-4D96-9BA0-93797EFCEC11}"
EndProject
Project("{FAE04EC0-301F-11D3-BF4B-00C04F79EFBC}") = "Photoland.Operator", "Photoland.Operator\Photoland.Operator.csproj", "{6D87A435-7D88-4AD8-AE05-9B7B572525FE}"
EndProject
Project("{FAE04EC0-301F-11D3-BF4B-00C04F79EFBC}") = "Photoland.Designer", "Photoland.Designer\Photoland.Designer.csproj", "{81D61AD5-FE22-43DF-AD9D-A9AE3EB02A25}"
EndProject
Project("{FAE04EC0-301F-11D3-BF4B-00C04F79EFBC}") = "Photoland.Administrator", "Photoland.Administrator\Photoland.Administrator.csproj", "{4744889D-329B-4F29-B513-8D4EE0493FBC}"
EndProject
Project("{FAE04EC0-301F-11D3-BF4B-00C04F79EFBC}") = "Photoland.Robot", "Photoland.Robot\Photoland.Robot.csproj", "{E8A4E79C-B437-4185-8DFC-0102A104E1FF}"
EndProject
Project("{FAE04EC0-301F-11D3-BF4B-00C04F79EFBC}") = "Photoland.Exchanger", "Photoland.Exchanger\Photoland.Exchanger.csproj", "{690A48B4-82DA-4878-AED9-326BDF8543AA}"
EndProject
Project("{FAE04EC0-301F-11D3-BF4B-00C04F79EFBC}") = "Photoland.GiveMe", "Photoland.GiveMe\Photoland.GiveMe.csproj", "{3BD24BC8-9544-46AE-983E-360BFE025039}"
EndProject
Project("{FAE04EC0-301F-11D3-BF4B-00C04F79EFBC}") = "PSA.Inventory", "PSA.Inventory\PSA.Inventory.csproj", "{3C122571-5C24-4C4B-8D1B-138698CF69E3}"
EndProject
Project("{FAE04EC0-301F-11D3-BF4B-00C04F79EFBC}") = "PSA.Kiosk", "PSA.Kiosk\PSA.Kiosk.csproj", "{E5A1627D-C98F-414E-9E0F-5DF6D3CF1B5C}"
EndProject
Project("{FAE04EC0-301F-11D3-BF4B-00C04F79EFBC}") = "PSA.Tools", "PSA.Tools\PSA.Tools.csproj", "{207BB347-243B-4E2C-B025-B6793C9FAA91}"
EndProject
Project("{FAE04EC0-301F-11D3-BF4B-00C04F79EFBC}") = "PSA.Robot", "PSA.Robot\PSA.Robot.csproj", "{F72B733E-B0F5-4AF4-8080-B5E27D1D3DD4}"
EndProject
Project("{FAE04EC0-301F-11D3-BF4B-00C04F79EFBC}") = "PSA.Update", "PSA.Update\PSA.Update.csproj", "{66FCE7D4-A18F-4D2E-8422-B782097AA4AA}"
EndProject
Project("{FAE04EC0-301F-11D3-BF4B-00C04F79EFBC}") = "PSA.Core", "PSA.Core\PSA.Core.csproj", "{16F2B4F4-46AD-43D1-AC7E-439BB66FA5E9}"
EndProject
Global
	GlobalSection(SolutionConfigurationPlatforms) = preSolution
		Debug|Any CPU = Debug|Any CPU
		Release|Any CPU = Release|Any CPU
	EndGlobalSection
	GlobalSection(ProjectConfigurationPlatforms) = postSolution
		{BC99599D-5313-4D96-9BA0-93797EFCEC11}.Debug|Any CPU.ActiveCfg = Debug|Any CPU
		{BC99599D-5313-4D96-9BA0-93797EFCEC11}.Debug|Any CPU.Build.0 = Debug|Any CPU
		{BC99599D-5313-4D96-9BA0-93797EFCEC11}.Release|Any CPU.ActiveCfg = Release|Any CPU
		{BC99599D-5313-4D96-9BA0-93797EFCEC11}.Release|Any CPU.Build.0 = Release|Any CPU
		{6D87A435-7D88-4AD8-AE05-9B7B572525FE}.Debug|Any CPU.ActiveCfg = Debug|Any CPU
		{6D87A435-7D88-4AD8-AE05-9B7B572525FE}.Debug|Any CPU.Build.0 = Debug|Any CPU
		{6D87A435-7D88-4AD8-AE05-9B7B572525FE}.Release|Any CPU.ActiveCfg = Release|Any CPU
		{6D87A435-7D88-4AD8-AE05-9B7B572525FE}.Release|Any CPU.Build.0 = Release|Any CPU
		{81D61AD5-FE22-43DF-AD9D-A9AE3EB02A25}.Debug|Any CPU.ActiveCfg = Debug|Any CPU
		{81D61AD5-FE22-43DF-AD9D-A9AE3EB02A25}.Debug|Any CPU.Build.0 = Debug|Any CPU
		{81D61AD5-FE22-43DF-AD9D-A9AE3EB02A25}.Release|Any CPU.ActiveCfg = Release|Any CPU
		{81D61AD5-FE22-43DF-AD9D-A9AE3EB02A25}.Release|Any CPU.Build.0 = Release|Any CPU
		{4744889D-329B-4F29-B513-8D4EE0493FBC}.Debug|Any CPU.ActiveCfg = Debug|Any CPU
		{4744889D-329B-4F29-B513-8D4EE0493FBC}.Debug|Any CPU.Build.0 = Debug|Any CPU
		{4744889D-329B-4F29-B513-8D4EE0493FBC}.Release|Any CPU.ActiveCfg = Release|Any CPU
		{4744889D-329B-4F29-B513-8D4EE0493FBC}.Release|Any CPU.Build.0 = Release|Any CPU
		{E8A4E79C-B437-4185-8DFC-0102A104E1FF}.Debug|Any CPU.ActiveCfg = Debug|Any CPU
		{E8A4E79C-B437-4185-8DFC-0102A104E1FF}.Debug|Any CPU.Build.0 = Debug|Any CPU
		{E8A4E79C-B437-4185-8DFC-0102A104E1FF}.Release|Any CPU.ActiveCfg = Release|Any CPU
		{E8A4E79C-B437-4185-8DFC-0102A104E1FF}.Release|Any CPU.Build.0 = Release|Any CPU
		{690A48B4-82DA-4878-AED9-326BDF8543AA}.Debug|Any CPU.ActiveCfg = Debug|Any CPU
		{690A48B4-82DA-4878-AED9-326BDF8543AA}.Debug|Any CPU.Build.0 = Debug|Any CPU
		{690A48B4-82DA-4878-AED9-326BDF8543AA}.Release|Any CPU.ActiveCfg = Release|Any CPU
		{690A48B4-82DA-4878-AED9-326BDF8543AA}.Release|Any CPU.Build.0 = Release|Any CPU
		{3BD24BC8-9544-46AE-983E-360BFE025039}.Debug|Any CPU.ActiveCfg = Debug|Any CPU
		{3BD24BC8-9544-46AE-983E-360BFE025039}.Debug|Any CPU.Build.0 = Debug|Any CPU
		{3BD24BC8-9544-46AE-983E-360BFE025039}.Release|Any CPU.ActiveCfg = Release|Any CPU
		{3BD24BC8-9544-46AE-983E-360BFE025039}.Release|Any CPU.Build.0 = Release|Any CPU
		{3C122571-5C24-4C4B-8D1B-138698CF69E3}.Debug|Any CPU.ActiveCfg = Debug|Any CPU
		{3C122571-5C24-4C4B-8D1B-138698CF69E3}.Debug|Any CPU.Build.0 = Debug|Any CPU
		{3C122571-5C24-4C4B-8D1B-138698CF69E3}.Release|Any CPU.ActiveCfg = Release|Any CPU
		{3C122571-5C24-4C4B-8D1B-138698CF69E3}.Release|Any CPU.Build.0 = Release|Any CPU
		{E5A1627D-C98F-414E-9E0F-5DF6D3CF1B5C}.Debug|Any CPU.ActiveCfg = Debug|Any CPU
		{E5A1627D-C98F-414E-9E0F-5DF6D3CF1B5C}.Debug|Any CPU.Build.0 = Debug|Any CPU
		{E5A1627D-C98F-414E-9E0F-5DF6D3CF1B5C}.Release|Any CPU.ActiveCfg = Release|Any CPU
		{E5A1627D-C98F-414E-9E0F-5DF6D3CF1B5C}.Release|Any CPU.Build.0 = Release|Any CPU
		{207BB347-243B-4E2C-B025-B6793C9FAA91}.Debug|Any CPU.ActiveCfg = Debug|Any CPU
		{207BB347-243B-4E2C-B025-B6793C9FAA91}.Debug|Any CPU.Build.0 = Debug|Any CPU
		{207BB347-243B-4E2C-B025-B6793C9FAA91}.Release|Any CPU.ActiveCfg = Release|Any CPU
		{207BB347-243B-4E2C-B025-B6793C9FAA91}.Release|Any CPU.Build.0 = Release|Any CPU
		{F72B733E-B0F5-4AF4-8080-B5E27D1D3DD4}.Debug|Any CPU.ActiveCfg = Debug|Any CPU
		{F72B733E-B0F5-4AF4-8080-B5E27D1D3DD4}.Debug|Any CPU.Build.0 = Debug|Any CPU
		{F72B733E-B0F5-4AF4-8080-B5E27D1D3DD4}.Release|Any CPU.ActiveCfg = Release|Any CPU
		{F72B733E-B0F5-4AF4-8080-B5E27D1D3DD4}.Release|Any CPU.Build.0 = Release|Any CPU
		{66FCE7D4-A18F-4D2E-8422-B782097AA4AA}.Debug|Any CPU.ActiveCfg = Debug|Any CPU
		{66FCE7D4-A18F-4D2E-8422-B782097AA4AA}.Debug|Any CPU.Build.0 = Debug|Any CPU
		{66FCE7D4-A18F-4D2E-8422-B782097AA4AA}.Release|Any CPU.ActiveCfg = Release|Any CPU
		{66FCE7D4-A18F-4D2E-8422-B782097AA4AA}.Release|Any CPU.Build.0 = Release|Any CPU
		{16F2B4F4-46AD-43D1-AC7E-439BB66FA5E9}.Debug|Any CPU.ActiveCfg = Debug|Any CPU
		{16F2B4F4-46AD-43D1-AC7E-439BB66FA5E9}.Debug|Any CPU.Build.0 = Debug|Any CPU
		{16F2B4F4-46AD-43D1-AC7E-439BB66FA5E9}.Release|Any CPU.ActiveCfg = Release|Any CPU
		{16F2B4F4-46AD-43D1-AC7E-439BB66FA5E9}.Release|Any CPU.Build.0 = Release|Any CPU
	EndGlobalSection
	GlobalSection(SolutionProperties) = preSolution
		HideSolutionNode = FALSE
	EndGlobalSection
EndGlobal
